
Microsoft Visual Studio Solution File, Format Version 12.00
# Visual Studio Version 16
VisualStudioVersion = 16.0.31129.286
MinimumVisualStudioVersion = 10.0.40219.1
Project("{8BC9CEB8-8B4A-11D0-8D11-00A0C91BC942}") = "TrueBeastTamer", "TrueBeastTamer\TrueBeastTamer.vcxproj", "{DC1D3633-94CF-4825-B5C2-4C889420BC48}"
EndProject
Global
	GlobalSection(SolutionConfigurationPlatforms) = preSolution
		Debug|x64 = Debug|x64
		Debug|x86 = Debug|x86
		Release|x64 = Release|x64
		Release|x86 = Release|x86
	EndGlobalSection
	GlobalSection(ProjectConfigurationPlatforms) = postSolution
		{DC1D3633-94CF-4825-B5C2-4C889420BC48}.Debug|x64.ActiveCfg = Debug|x64
		{DC1D3633-94CF-4825-B5C2-4C889420BC48}.Debug|x64.Build.0 = Debug|x64
		{DC1D3633-94CF-4825-B5C2-4C889420BC48}.Debug|x86.ActiveCfg = Debug|Win32
		{DC1D3633-94CF-4825-B5C2-4C889420BC48}.Debug|x86.Build.0 = Debug|Win32
		{DC1D3633-94CF-4825-B5C2-4C889420BC48}.Release|x64.ActiveCfg = Release|x64
		{DC1D3633-94CF-4825-B5C2-4C889420BC48}.Release|x64.Build.0 = Release|x64
		{DC1D3633-94CF-4825-B5C2-4C889420BC48}.Release|x86.ActiveCfg = Release|Win32
		{DC1D3633-94CF-4825-B5C2-4C889420BC48}.Release|x86.Build.0 = Release|Win32
	EndGlobalSection
	GlobalSection(SolutionProperties) = preSolution
		HideSolutionNode = FALSE
	EndGlobalSection
	GlobalSection(ExtensibilityGlobals) = postSolution
		SolutionGuid = {B6BB790E-4291-4E52-B0E0-639B65AC0EC6}
	EndGlobalSection
EndGlobal
